{
    "_meta": {
        "hash": {
            "sha256": "ffe21b82a0b15e19d17f3f88ac22e860cd0e91af71e51a7d65b5537d8114d0b6"
        },
        "pipfile-spec": 6,
        "requires": {
            "python_version": "3"
        },
        "sources": [
            {
                "url": "https://pypi.python.org/simple",
                "verify_ssl": true
            }
        ]
    },
    "default": {
        "boto3": {
            "hashes": [
                "sha256:67a4b0578944f061fbfa05206eb5b10c5250374e9849743413739c539584b60e",
                "sha256:c7d6f3f09081440ca80500e679fec19f0b7597648ee380ae940ed29ad5c3768f"
            ],
            "version": "==1.17.96"
        },
        "boto3-type-annotations": {
            "hashes": [
                "sha256:52e007ac2ab792abee42aaac3019c2acc9781a84e79e1283a5bc64164225435e",
                "sha256:e5682093d035e935c8189f24c601ef6eaccedfcd1e642ba7922429d093b1b885"
            ],
            "version": "==0.3.1"
        },
        "botocore": {
            "hashes": [
                "sha256:204f7403bfe1ab837784421ddd069fd880be99d946cb59cbf31c72296ea9507a",
                "sha256:b18d2d016b371b769a88cb080088ce75582748b4a7efa5748e9ced4f23bdbc99"
            ],
            "version": "==1.20.96"
        },
        "dictdiffer": {
            "hashes": [
                "sha256:1adec0d67cdf6166bda96ae2934ddb5e54433998ceab63c984574d187cc563d2",
                "sha256:d79d9a39e459fe33497c858470ca0d2e93cb96621751de06d631856adfd9c390"
            ],
            "version": "==0.8.1"
        },
        "jmespath": {
            "hashes": [
                "sha256:b85d0567b8666149a93172712e68920734333c0ce7e89b78b3e987f71e5ed4f9",
                "sha256:cdf6525904cc597730141d61b36f2e4b8ecc257c420fa2f4549bac2c2d0cb72f"
            ],
            "version": "==0.10.0"
        },
        "mypy-boto3": {
            "hashes": [
                "sha256:e75ce1f0d6ba41c98292ddc227b0c507b04a30f1a3a4f156ef4606941ee36948",
                "sha256:e7f73f810e5b0def20dbaabd9ad4ba60227c0b6b1e2a04abc7749d755ccfb8ae"
            ],
            "version": "==1.17.96"
        },
        "python-dateutil": {
            "hashes": [
                "sha256:73ebfe9dbf22e832286dafa60473e4cd239f8592f699aa5adaf10050e6e1823c",
                "sha256:75bb3f31ea686f1197762692a9ee6a7550b59fc6ca3a1f4b5d7e32fb98e2da2a"
            ],
            "version": "==2.8.1"
        },
        "s3transfer": {
            "hashes": [
                "sha256:9b3752887a2880690ce628bc263d6d13a3864083aeacff4890c1c9839a5eb0bc",
                "sha256:cb022f4b16551edebbb31a377d3f09600dbada7363d8c5db7976e7f47732e1b2"
            ],
            "version": "==0.4.2"
        },
        "six": {
            "hashes": [
                "sha256:1e61c37477a1626458e36f7b1d82aa5c9b094fa4802892072e49de9c60c4c926",
                "sha256:8abb2f1d86890a2dfb989f9a77cfcfd3e47c2a354b01111771326f8aa26e0254"
            ],
            "version": "==1.16.0"
        },
        "urllib3": {
            "hashes": [
                "sha256:753a0374df26658f99d826cfe40394a686d05985786d946fbe4165b5148f5a7c",
                "sha256:a7acd0977125325f516bda9735fa7142b909a8d01e8b2e4c8108d0984e6e0098"
            ],
            "version": "==1.26.5"
        }
    },
    "develop": {
        "attrs": {
            "hashes": [
                "sha256:31b2eced602aa8423c2aea9c76a724617ed67cf9513173fd3a4f03e3a929c7e6",
                "sha256:832aa3cde19744e49938b91fea06d69ecb9e649c93ba974535d08ad92164f700"
            ],
            "version": "==20.3.0"
        },
        "aws-cdk.assets": {
            "hashes": [
                "sha256:566cf4cbac892c5125115f346d980cc743371ba8dbc495079b26c00482d009d3",
                "sha256:d62ba28162716885580114ab12df72d546affeac1d86ea8c5b902041ad5662d2"
            ],
            "version": "==1.109.0"
        },
        "aws-cdk.aws-apigateway": {
            "hashes": [
                "sha256:047282d32d69106c8be78b5b61214b17043478893e2bd67b8ad02524dadfddfd",
                "sha256:65b137b7f08f85effd5933f4474b91b40050368d6de290a39f52fe935ce668ac"
            ],
            "version": "==1.109.0"
        },
        "aws-cdk.aws-applicationautoscaling": {
            "hashes": [
                "sha256:2ff8fcaadc83f7bac971ae1fa7d0dd883be1ee3ccd690d38fb95d06014237961",
                "sha256:d6cf20cc1834c2a39f6219291ed25aebff7568c01da1b8f559d073d578dfd712"
            ],
            "version": "==1.109.0"
        },
        "aws-cdk.aws-autoscaling": {
            "hashes": [
                "sha256:195d837b954ab2c75b18449af9290322c4f9fd610c841eb6ea8fd255f3da7fb7",
                "sha256:557cc54ffd4d649e12c72322f541d892153f9ac88d532821d0f5d6277428b58f"
            ],
            "version": "==1.109.0"
        },
        "aws-cdk.aws-autoscaling-common": {
            "hashes": [
                "sha256:4061506de582ac94f49e07fb569e07cd6f889449a489425bde1c2cf245d93244",
                "sha256:64c166221ada39deb4e277b723a933af45ddd3952102f17803cace478f75e0a8"
            ],
            "version": "==1.109.0"
        },
        "aws-cdk.aws-autoscaling-hooktargets": {
            "hashes": [
                "sha256:746737de4b3dffa15692a2346a29b0863977d5998a6560f541553304bb604fa9",
                "sha256:fbf2efa99e3ea6a1683bd7edb9cb201f1d0bc006f8738b4f3f4776e944321637"
            ],
            "version": "==1.109.0"
        },
        "aws-cdk.aws-certificatemanager": {
            "hashes": [
                "sha256:48b7253a13574ad478c4688a932f1f158f646a8ffa9a03702ce007ad92bcdaeb",
                "sha256:c00b5787ed0e96fa56667b1182fd232355c8543aea0e8eed3067680b97629af7"
            ],
            "version": "==1.109.0"
        },
        "aws-cdk.aws-cloudformation": {
            "hashes": [
                "sha256:3170c045913ee442fdae1fee7d33c13492ce2c5cd5207958a50584a4310b8ca3",
                "sha256:9fb31179983be4b7bc828bc3dd75732afe3c886eff308fc316bf1cba348210cd"
            ],
            "version": "==1.109.0"
        },
        "aws-cdk.aws-cloudfront": {
            "hashes": [
                "sha256:53c229136cd5942238b07b54a39c4707d52ab1f9d1a28d6ecb85ecb21e9942d5",
                "sha256:d83d964597364b072920e8fc6489ac693a10a70ce8ff4b82e09dc7a4eca89f86"
            ],
            "version": "==1.109.0"
        },
        "aws-cdk.aws-cloudwatch": {
            "hashes": [
                "sha256:2f70d1057bf782873320a57d68806437fbbf9e30df85e345d80d87c5d218bd92",
                "sha256:f2fc4a9b87cc2fec99221c0083cbea3a67995cc713de56c3720ad49b8afa83c6"
            ],
            "version": "==1.109.0"
        },
        "aws-cdk.aws-codebuild": {
            "hashes": [
                "sha256:9bb5680af737cf9240fe6a86de5f2e3544ad2751fe2131a3a33f0e3715984635",
                "sha256:c7ede6c21a8beab8d8a14344b8a7cb490ae39226e70bbc5ad4d799762341de8a"
            ],
            "version": "==1.109.0"
        },
        "aws-cdk.aws-codecommit": {
            "hashes": [
                "sha256:139907468b0211428643ba268e5fc9d267586c8c4ac614061e7d66d845d853ac",
                "sha256:83393ef77eea55125014559b79889de9c04abc745e6d4c0cad502c038a0c57c1"
            ],
            "version": "==1.109.0"
        },
        "aws-cdk.aws-codeguruprofiler": {
            "hashes": [
                "sha256:a9fef6523148dbbc313691a31056c7307f634ee4c08c85800111ed1c1130c527",
                "sha256:ce54fc447838f5a3eaf21442cc3153624e7adf6988a450bf789c3100c3b7924e"
            ],
            "version": "==1.109.0"
        },
        "aws-cdk.aws-codepipeline": {
            "hashes": [
                "sha256:0d6c2917dfc88bb322b4ff9da977dc90dc4cd0ddea828cb3b644b260cee920dd",
                "sha256:38a3f62177aab0ca144aa9c90932e5474342e1d7aa5a4ce0bdcfb8a176610642"
            ],
            "version": "==1.109.0"
        },
        "aws-cdk.aws-codestarnotifications": {
            "hashes": [
                "sha256:0d6cf1dc26c2b7d7b5411d8744b6fd17bbe487dd11e467653b6430b355621d9a",
                "sha256:4f2b3ae931c32d7e8b7ce3dc637b1ea248f59720f302646787bf1518bd3da9d0"
            ],
            "version": "==1.109.0"
        },
        "aws-cdk.aws-cognito": {
            "hashes": [
                "sha256:5918c59fc9c63118cb6dc9ee906151f5f419c484f739b2b3fef959db5586b50f",
                "sha256:5a3b723cfa68ed0031a6d81c8e6713bbb80cb762176e988b2dff634b15085c1b"
            ],
            "version": "==1.109.0"
        },
        "aws-cdk.aws-dynamodb": {
            "hashes": [
                "sha256:5d08001204043498f7258fa78abb7203ed6ec6bebbd67a6190349d70b0fdf358",
                "sha256:67988cd530ee0ee7cf2feeb3bb97e16cebc209b2cca7817007e25f5f3446942c"
            ],
            "version": "==1.109.0"
        },
        "aws-cdk.aws-ec2": {
            "hashes": [
                "sha256:29ded2b780145fb0a75f648138015ea4275e51d234803394c6a33834f5e05422",
                "sha256:a9627426f7262e2686c0f7f91edb7fd9380bd679f81b9be1a95844d9ec2b89b6"
            ],
            "version": "==1.109.0"
        },
        "aws-cdk.aws-ecr": {
            "hashes": [
                "sha256:87be000523f92b1d0b81bd3ed85483c4a1dc51ff04b904935b7aa2d5c8a635fe",
                "sha256:a57574bec136fe23bbcd9968089ed8b48ef7232673fdf08fdb506efa71babd51"
            ],
            "version": "==1.109.0"
        },
        "aws-cdk.aws-ecr-assets": {
            "hashes": [
                "sha256:327352ac96d4e17dce93876470ab910d5925c96bbc3a48b5b1c780b4eee5e988",
                "sha256:fad8f2f31da76aa188fbc3d6871962d9ca2fb7e6fefd377fef60a033646c4582"
            ],
            "version": "==1.109.0"
        },
        "aws-cdk.aws-ecs": {
            "hashes": [
                "sha256:0929d77784c6bd2f82c2acd2bb91ff196bbd0f477d5adb139ad1863bd68ad955",
                "sha256:70fba9cc973de1849568685269430cb924bb8d9e33a74434722def00d9feaf51"
            ],
            "version": "==1.109.0"
        },
        "aws-cdk.aws-ecs-patterns": {
            "hashes": [
                "sha256:4ccb3b1fecf6382febdb6a4430adc9ce17e83ca2f252857e04eefc6e0aa9afcd",
                "sha256:6ba277b042397695d60d851f29bbe9c5be41a7d1554d94fce41a505993006001"
            ],
            "version": "==1.109.0"
        },
        "aws-cdk.aws-efs": {
            "hashes": [
                "sha256:4c20a3818239a05113a89905c7a3f1c033306fb98f3fc59d9f01789c9c097296",
                "sha256:d441f11657789d975963a3251908bf4a60957c860352a64298e108179bbcc92b"
            ],
            "version": "==1.109.0"
        },
        "aws-cdk.aws-elasticache": {
            "hashes": [
                "sha256:236795da173c5446ba36ee70c8bf6a481c142aacff3b38cdcbad4150cbf64156",
                "sha256:9c5d1579f04fa6cf89743259efeb66295c732b90eb37724e13c61fbdb3ab6653"
            ],
            "version": "==1.109.0"
        },
        "aws-cdk.aws-elasticloadbalancing": {
            "hashes": [
                "sha256:3ef3e1edbbc3db758f614f7f8cdbcb983a504f6fd3f100607b158ba191da2f12",
                "sha256:ca8a16044f14a49710a1d22831940733cd87d5c8fea52c4acbb2d045080f6130"
            ],
            "version": "==1.109.0"
        },
        "aws-cdk.aws-elasticloadbalancingv2": {
            "hashes": [
                "sha256:65cd147d482fca958dc33b3b63997822dc9925750631915d94fecf49868b7b1f",
                "sha256:97328cee9700bf30ee7eb66f136a3693fda6cc9f6cd6e4c2b048168e6b186752"
            ],
            "version": "==1.109.0"
        },
        "aws-cdk.aws-events": {
            "hashes": [
                "sha256:36aba385417f8a399fdca33a76fb210c2bbe1e7ca395ae336a020951bb853f4c",
                "sha256:40c4f2687ba32c01c8619c80ce6ca4f5092b5c2d85a2477f851a5cfde086ebd1"
            ],
            "version": "==1.109.0"
        },
        "aws-cdk.aws-events-targets": {
            "hashes": [
                "sha256:3a919843e6b2b8c85265b6d700f6101350a1dedccfaa151e950d936f79420f48",
                "sha256:b4ca6621ed49413c10e63b0dcca9f96bbf81d71d8cd005165bb66624d31a8357"
            ],
            "version": "==1.109.0"
        },
        "aws-cdk.aws-globalaccelerator": {
            "hashes": [
                "sha256:a2e961e6ac904eff15ed8dbaa0a83b24944380f4507c8280b848345496e352bf",
                "sha256:e9b37179233ca6ca1b6a1be0155e432e5f100233b56bc26fd3e712b26450c510"
            ],
            "version": "==1.109.0"
        },
        "aws-cdk.aws-iam": {
            "hashes": [
                "sha256:2d1763061919c4620380d99b6ea6fa7bb0c3a4e837c0555416cc46649ba935ea",
                "sha256:426534da1c3335ec400efdf1fd7c14c7ad3b78f7a04d1d1b64db5360baa10079"
            ],
            "version": "==1.109.0"
        },
        "aws-cdk.aws-kinesis": {
            "hashes": [
                "sha256:2f51be4b1beeaa4df03d48d08357233f5db98c9ae54bb6b69976d47706019e6d",
                "sha256:e08cb2dba7875688efc95ffbcc2744b0753613c4df6290a7baae7b2dbf75e76d"
            ],
            "version": "==1.109.0"
        },
        "aws-cdk.aws-kinesisfirehose": {
            "hashes": [
                "sha256:66ef7b7695e5768f345d840e36edc36927f29c98500724f12619ba5c2ccd9d7b",
                "sha256:749f20cf6b3228ee34854985bc3633eae714553a8f600408d8746e74ee60d047"
            ],
            "version": "==1.109.0"
        },
        "aws-cdk.aws-kms": {
            "hashes": [
                "sha256:60db1d607e426f615dba484808aa806feb5a4f1c207b00ce2865df79a2921677",
                "sha256:79decd8b9877174075e8e8b8bbf3fddc9a91ff1f50655c64da5da659e3daf69e"
            ],
            "version": "==1.109.0"
        },
        "aws-cdk.aws-lambda": {
            "hashes": [
                "sha256:5e081f9d242fe4549116dd3103582e2cf157c88356eaf5e49979d6e713b08757",
                "sha256:89819c8ef18845e593e566d4250db66c75f2876f4f2b53792d81f5ce9b0c3ba1"
            ],
            "version": "==1.109.0"
        },
        "aws-cdk.aws-lambda-python": {
            "hashes": [
                "sha256:168b84b99e41792722941d298622ad6eeba22f5223df070ead806cc2fd660f77",
                "sha256:d0491cde60b4e3bc3803f35b7d2a8ce09a5d321c69157cbcd4b6bc3cac82717e"
            ],
            "version": "==1.109.0"
        },
        "aws-cdk.aws-logs": {
            "hashes": [
                "sha256:67083a5527fc5a1de3b147cc257edddcefe690bace094204e13fcd979a66f59d",
                "sha256:efd86f6d9200d4e43b2590a6d3a75207b0d94945beedc26d5121cac150a71741"
            ],
            "version": "==1.109.0"
        },
        "aws-cdk.aws-route53": {
            "hashes": [
                "sha256:e212e9218fe616cfad81528a6150926563d8715ae205cc3a25c3260d67d67d74",
                "sha256:e9f5b5cdce5484d684de7e500e45f6de16e5996695df88f78dbea1f3264515a4"
            ],
            "version": "==1.109.0"
        },
        "aws-cdk.aws-route53-targets": {
            "hashes": [
                "sha256:d2c5c221a6ba96cd046e532dea3042bf01fee8db58cc1a12cdb8d39736b4a5de",
                "sha256:e81bb1e34c718cab24b3065e98deaf242fcb5a4781795f16759fb4e618400ca0"
            ],
            "version": "==1.109.0"
        },
        "aws-cdk.aws-s3": {
            "hashes": [
                "sha256:5cc493ae2234ad68386ce68bedfb30a175b4cd766c45fc5a5b06278549627365",
                "sha256:956a5f55c0904481dd421a2bbeea7bbcea7782037ee99a93f44f1861cdcc2a70"
            ],
            "version": "==1.109.0"
        },
        "aws-cdk.aws-s3-assets": {
            "hashes": [
                "sha256:e5c2a5a8c059ef1501063e7998601c698c117cdadbf27461731485bc9d8423ce",
                "sha256:fe8d87fd28cf8879e206598de49681c7fef6af30e74f8dd44faaed07c3099324"
            ],
            "version": "==1.109.0"
        },
        "aws-cdk.aws-s3-deployment": {
            "hashes": [
                "sha256:b9f4d3549b39fcb75d9ade0020a2c5bac28108348c3b8e826dec0701e0e6d3fc",
                "sha256:ba02f4fc092014beac5f31b35d010c130bfe730228236165eb92369ab78f4a40"
            ],
            "version": "==1.109.0"
        },
        "aws-cdk.aws-sam": {
            "hashes": [
                "sha256:985721fe67d3acbc728d6898571cbd326f1b4b7d742f6bebcbcc3ee3a8f8062b",
                "sha256:cace6351b3c14ea284c47962e977d01fce2a77bc2836c37a6996d47e96a16785"
            ],
            "version": "==1.109.0"
        },
        "aws-cdk.aws-secretsmanager": {
            "hashes": [
                "sha256:0e4be23af39637ed752d4a2ff0cf22ba4f207f0af119305362d6f271dd248d69",
                "sha256:9489de14c1f2a4e998c6a092a6577d4660968a13e9e54ab97b49e8dd1eef8c05"
            ],
            "version": "==1.109.0"
        },
        "aws-cdk.aws-servicediscovery": {
            "hashes": [
                "sha256:a1fde8c6c0f6e2048c6c240b3fb9fdc5b628b698aadda206031a510e6ae6ecfe",
                "sha256:fcc3db8237094efb4f24189036e85645eb77b30585e63550d824297800b90332"
            ],
            "version": "==1.109.0"
        },
        "aws-cdk.aws-signer": {
            "hashes": [
                "sha256:81d2fc973f1db46713ab65689afd0d967b4b7213f255f50e02d0d456c89c3aa1",
                "sha256:a0d806cfc3ccfb834aefb87c0e4dde238349380b49425156c70667f6c5e2da84"
            ],
            "version": "==1.109.0"
        },
        "aws-cdk.aws-sns": {
            "hashes": [
                "sha256:a141e5bf3576fea80ac77683b92af7cc4213bc5b7cad612bdd41822608b987c8",
                "sha256:bd82168fd9b1b4cb68d6dba4a5de665d45bd68e8626c39e7f6c890552cac6cdb"
            ],
            "version": "==1.109.0"
        },
        "aws-cdk.aws-sns-subscriptions": {
            "hashes": [
                "sha256:0cbe2aadbcc81f80e71839eb355be8d3021c06477888274a1576ada441ab3f59",
                "sha256:83dc35fe373ac7fa580b70354d6899f3a31916aaf3b6eb51bc82fcab9939e620"
            ],
            "version": "==1.109.0"
        },
        "aws-cdk.aws-sqs": {
            "hashes": [
                "sha256:4e1874e975ec7dabfbd91bcf6bfe7adcb1d73069b79e94be8463e2c4de7ecea6",
                "sha256:bbf9bd816d4f2c19d657c9bdf395c3ef8cad8eadd29309da24f0e3e75d28dc85"
            ],
            "version": "==1.109.0"
        },
        "aws-cdk.aws-ssm": {
            "hashes": [
                "sha256:365416c17c4dd3f0a1efd7dec15c5cc1c46789d75baa876b0ca38a05aaba8aca",
                "sha256:758984cf640a6bfd0112f8485c6c1c27f6b88ffacd530fe8470934dac876be6c"
            ],
            "version": "==1.109.0"
        },
        "aws-cdk.aws-stepfunctions": {
            "hashes": [
                "sha256:5c88ba5ba03c2e2321a2e4b7f1c5b20a135bc199a86aa7f287b96b3a8b4dd2f1",
                "sha256:887da7320116205edba48ebabc05b1d3a2bd1a93ac5e901e965950dedffdaf7f"
            ],
            "version": "==1.109.0"
        },
        "aws-cdk.cloud-assembly-schema": {
            "hashes": [
                "sha256:445b7fba22a4c70a778c3a1636862917beded997427f7a470ea8319f1ee55105",
                "sha256:44dd7ccce0bf408c7dd36fd3b55546c1ea58890edc45305947721174838a5689"
            ],
            "version": "==1.109.0"
        },
        "aws-cdk.core": {
            "hashes": [
                "sha256:2de868398bfe63ea2ce4767e42ca36c2e1821816a68f9414fcaa1067c6e11d2d",
                "sha256:f22fa3cc46929770929eb10ae1ef3bdba8032765240666d679940a40d729df6c"
            ],
            "version": "==1.109.0"
        },
        "aws-cdk.custom-resources": {
            "hashes": [
                "sha256:cbd216deec63df11cb22fb1350318c9cafdcba62a99584f5c4da68ca7c9c87fc",
                "sha256:e78b29b4f15aeb275d4e5efb079b0aae073cf54299014f07652db58ce2002d29"
            ],
            "version": "==1.109.0"
        },
        "aws-cdk.cx-api": {
            "hashes": [
                "sha256:db766cf8bb7b37fd86bef8ef9f9c52914fcc617dce7977a9fe551d385c3b62eb",
                "sha256:f5f9024b7de263e6d1c7280fe23e456eecd963e7203a2cd2eae2d0e953387b76"
            ],
            "version": "==1.109.0"
        },
        "aws-cdk.lambda-layer-awscli": {
            "hashes": [
                "sha256:0345bfa7105d7845a79b60f59bc16aab0e66441b86f03195e0d10c3cbe25b057",
                "sha256:cccd6ea5ac19bf0f28319870f58da23f16e37f6bf5819ebd31ff159758467b19"
            ],
            "version": "==1.109.0"
        },
        "aws-cdk.region-info": {
            "hashes": [
                "sha256:053629925314cb89c7c4cae54eae8de130b890894859dd3c86d65882efebb6bf",
                "sha256:5e531d5c5fd295d8f2a8fc812ceea0c770fb2eadc2231b7c998e0de341c52811"
            ],
            "version": "==1.109.0"
        },
        "cattrs": {
            "hashes": [
                "sha256:277d12740b45e46318b41c3b2e4a3bc067a7b9971cf61f0e96497598ad83f282",
                "sha256:a6233d0ce33d48ac71ef818f8e0b9309a89496b359994c4dfe9ad211c1f6d0a3"
            ],
            "markers": "python_version >= '3.7'",
            "version": "==1.5.0"
        },
        "consoleme-ecs-service": {
            "editable": true,
            "path": "cdk"
        },
        "constructs": {
            "hashes": [
                "sha256:69f1e7b0fadb6978976e98c7aface7fe4fb6e1265995acc9708d5c7999f138cf",
                "sha256:dd15bbb8f1968e45deda9aa9f791df9cd258f2f5afd9bdc1f66aab1448ccada7"
            ],
            "version": "==3.3.83"
        },
        "jsii": {
            "hashes": [
                "sha256:4a2002b920e19df3c13119bc525979bfe1ae6a8c0ccf7617a5a966b1ccd66fd6",
                "sha256:800042650b6436eb37b5ea905937f0c4cfc8863d439477a7b00d8d189b65c622"
            ],
            "version": "==1.30.0"
        },
        "publication": {
            "hashes": [
                "sha256:0248885351febc11d8a1098d5c8e3ab2dabcf3e8c0c96db1e17ecd12b53afbe6",
                "sha256:68416a0de76dddcdd2930d1c8ef853a743cc96c82416c4e4d3b5d901c6276dc4"
            ],
            "version": "==0.0.3"
        },
        "python-dateutil": {
            "hashes": [
                "sha256:73ebfe9dbf22e832286dafa60473e4cd239f8592f699aa5adaf10050e6e1823c",
                "sha256:75bb3f31ea686f1197762692a9ee6a7550b59fc6ca3a1f4b5d7e32fb98e2da2a"
            ],
            "version": "==2.8.1"
        },
        "six": {
            "hashes": [
                "sha256:1e61c37477a1626458e36f7b1d82aa5c9b094fa4802892072e49de9c60c4c926",
                "sha256:8abb2f1d86890a2dfb989f9a77cfcfd3e47c2a354b01111771326f8aa26e0254"
            ],
            "version": "==1.16.0"
        },
        "typing-extensions": {
            "hashes": [
                "sha256:0ac0f89795dd19de6b97debb0c6af1c70987fd80a2d62d1958f7e56fcc31b497",
                "sha256:50b6f157849174217d0656f99dc82fe932884fb250826c18350e159ec6cdf342",
                "sha256:779383f6086d90c99ae41cf0ff39aac8a7937a9283ce0a414e5dd782f4c94a84"
            ],
            "version": "==3.10.0.0"
        }
    }
}
